
Microsoft Visual Studio Solution File, Format Version 12.00
# Visual Studio Version 17
VisualStudioVersion = 17.0.31903.59
MinimumVisualStudioVersion = 10.0.40219.1
Project("{FAE04EC0-301F-11D3-BF4B-00C04F79EFBC}") = "CleanOff", "CleanOff\CleanOff.csproj", "{51E57908-A16A-4D42-ADD0-0C71B7EA6E66}"
EndProject
Project("{FAE04EC0-301F-11D3-BF4B-00C04F79EFBC}") = "CleanOff.Domain", "CleanOff.Domain\CleanOff.Domain.csproj", "{8A0CC807-30E0-4688-89DA-98C45B080D07}"
EndProject
Global
	GlobalSection(SolutionConfigurationPlatforms) = preSolution
		Debug|Any CPU = Debug|Any CPU
		Release|Any CPU = Release|Any CPU
	EndGlobalSection
	GlobalSection(SolutionProperties) = preSolution
		HideSolutionNode = FALSE
	EndGlobalSection
	GlobalSection(ProjectConfigurationPlatforms) = postSolution
		{51E57908-A16A-4D42-ADD0-0C71B7EA6E66}.Debug|Any CPU.ActiveCfg = Debug|Any CPU
		{51E57908-A16A-4D42-ADD0-0C71B7EA6E66}.Debug|Any CPU.Build.0 = Debug|Any CPU
		{51E57908-A16A-4D42-ADD0-0C71B7EA6E66}.Release|Any CPU.ActiveCfg = Release|Any CPU
		{51E57908-A16A-4D42-ADD0-0C71B7EA6E66}.Release|Any CPU.Build.0 = Release|Any CPU
		{8A0CC807-30E0-4688-89DA-98C45B080D07}.Debug|Any CPU.ActiveCfg = Debug|Any CPU
		{8A0CC807-30E0-4688-89DA-98C45B080D07}.Debug|Any CPU.Build.0 = Debug|Any CPU
		{8A0CC807-30E0-4688-89DA-98C45B080D07}.Release|Any CPU.ActiveCfg = Release|Any CPU
		{8A0CC807-30E0-4688-89DA-98C45B080D07}.Release|Any CPU.Build.0 = Release|Any CPU
	EndGlobalSection
EndGlobal
